
Microsoft Visual Studio Solution File, Format Version 12.00
# Visual Studio Version 16
VisualStudioVersion = 16.0.31205.134
MinimumVisualStudioVersion = 10.0.40219.1
Project("{FAE04EC0-301F-11D3-BF4B-00C04F79EFBC}") = "v0617", "v0617\v0617.csproj", "{BE66E363-F4EF-4C21-A30F-B2AA7B159788}"
EndProject
Global
	GlobalSection(SolutionConfigurationPlatforms) = preSolution
		Debug|Any CPU = Debug|Any CPU
		Release|Any CPU = Release|Any CPU
	EndGlobalSection
	GlobalSection(ProjectConfigurationPlatforms) = postSolution
		{BE66E363-F4EF-4C21-A30F-B2AA7B159788}.Debug|Any CPU.ActiveCfg = Debug|Any CPU
		{BE66E363-F4EF-4C21-A30F-B2AA7B159788}.Debug|Any CPU.Build.0 = Debug|Any CPU
		{BE66E363-F4EF-4C21-A30F-B2AA7B159788}.Release|Any CPU.ActiveCfg = Release|Any CPU
		{BE66E363-F4EF-4C21-A30F-B2AA7B159788}.Release|Any CPU.Build.0 = Release|Any CPU
	EndGlobalSection
	GlobalSection(SolutionProperties) = preSolution
		HideSolutionNode = FALSE
	EndGlobalSection
	GlobalSection(ExtensibilityGlobals) = postSolution
		SolutionGuid = {7E4BA626-D2BA-4C61-84C5-C2E0BE448031}
	EndGlobalSection
EndGlobal
